// !$*UTF8*$!
{
	archiveVersion = 1;
	classes = {
	};
	objectVersion = 46;
	objects = {

/* Begin PBXBuildFile section */
		4E95DD5A1864232F009309A7 /* SenTestingKit.framework in Frameworks */ = {isa = PBXBuildFile; fileRef = 4EF63B4C186419A10008F991 /* SenTestingKit.framework */; };
		4E95DD5B1864232F009309A7 /* UIKit.framework in Frameworks */ = {isa = PBXBuildFile; fileRef = 4EF63B4E186419A10008F991 /* UIKit.framework */; };
		4E95DD5C1864232F009309A7 /* Foundation.framework in Frameworks */ = {isa = PBXBuildFile; fileRef = 4EF63B3E1864199F0008F991 /* Foundation.framework */; };
		4E95DD621864232F009309A7 /* InfoPlist.strings in Resources */ = {isa = PBXBuildFile; fileRef = 4E95DD601864232F009309A7 /* InfoPlist.strings */; };
		4E95DD651864232F009309A7 /* Octesttmp.m in Sources */ = {isa = PBXBuildFile; fileRef = 4E95DD641864232F009309A7 /* Octesttmp.m */; };
		4E95DD6D18642534009309A7 /* testset.h in Headers */ = {isa = PBXBuildFile; fileRef = 4E95DD6B18642534009309A7 /* testset.h */; };
		4E95DD6E18642534009309A7 /* testset.m in Sources */ = {isa = PBXBuildFile; fileRef = 4E95DD6C18642534009309A7 /* testset.m */; };
		4EF63B3F1864199F0008F991 /* Foundation.framework in Frameworks */ = {isa = PBXBuildFile; fileRef = 4EF63B3E1864199F0008F991 /* Foundation.framework */; };
		4EF63B451864199F0008F991 /* utTest.m in Sources */ = {isa = PBXBuildFile; fileRef = 4EF63B441864199F0008F991 /* utTest.m */; };
		4EF63B4D186419A10008F991 /* SenTestingKit.framework in Frameworks */ = {isa = PBXBuildFile; fileRef = 4EF63B4C186419A10008F991 /* SenTestingKit.framework */; };
		4EF63B4F186419A10008F991 /* UIKit.framework in Frameworks */ = {isa = PBXBuildFile; fileRef = 4EF63B4E186419A10008F991 /* UIKit.framework */; };
		4EF63B50186419A10008F991 /* Foundation.framework in Frameworks */ = {isa = PBXBuildFile; fileRef = 4EF63B3E1864199F0008F991 /* Foundation.framework */; };
		4EF63B53186419A10008F991 /* libutTest.a in Frameworks */ = {isa = PBXBuildFile; fileRef = 4EF63B3B1864199E0008F991 /* libutTest.a */; };
/* End PBXBuildFile section */

/* Begin PBXContainerItemProxy section */
		4EF63B51186419A10008F991 /* PBXContainerItemProxy */ = {
			isa = PBXContainerItemProxy;
			containerPortal = 4EF63B321864199D0008F991 /* Project object */;
			proxyType = 1;
			remoteGlobalIDString = 4EF63B3A1864199E0008F991;
			remoteInfo = utTest;
		};
/* End PBXContainerItemProxy section */

/* Begin PBXFileReference section */
		4E95DD591864232F009309A7 /* Octesttmp.octest */ = {isa = PBXFileReference; explicitFileType = wrapper.cfbundle; includeInIndex = 0; path = Octesttmp.octest; sourceTree = BUILT_PRODUCTS_DIR; };
		4E95DD5F1864232F009309A7 /* Octesttmp-Info.plist */ = {isa = PBXFileReference; lastKnownFileType = text.plist.xml; path = "Octesttmp-Info.plist"; sourceTree = "<group>"; };
		4E95DD611864232F009309A7 /* en */ = {isa = PBXFileReference; lastKnownFileType = text.plist.strings; name = en; path = en.lproj/InfoPlist.strings; sourceTree = "<group>"; };
		4E95DD631864232F009309A7 /* Octesttmp.h */ = {isa = PBXFileReference; lastKnownFileType = sourcecode.c.h; path = Octesttmp.h; sourceTree = "<group>"; };
		4E95DD641864232F009309A7 /* Octesttmp.m */ = {isa = PBXFileReference; lastKnownFileType = sourcecode.c.objc; path = Octesttmp.m; sourceTree = "<group>"; };
		4E95DD661864232F009309A7 /* Octesttmp-Prefix.pch */ = {isa = PBXFileReference; lastKnownFileType = sourcecode.c.h; path = "Octesttmp-Prefix.pch"; sourceTree = "<group>"; };
		4E95DD6B18642534009309A7 /* testset.h */ = {isa = PBXFileReference; fileEncoding = 4; lastKnownFileType = sourcecode.c.h; path = testset.h; sourceTree = "<group>"; };
		4E95DD6C18642534009309A7 /* testset.m */ = {isa = PBXFileReference; fileEncoding = 4; lastKnownFileType = sourcecode.c.objc; path = testset.m; sourceTree = "<group>"; };
		4EF63B3B1864199E0008F991 /* libutTest.a */ = {isa = PBXFileReference; explicitFileType = archive.ar; includeInIndex = 0; path = libutTest.a; sourceTree = BUILT_PRODUCTS_DIR; };
		4EF63B3E1864199F0008F991 /* Foundation.framework */ = {isa = PBXFileReference; lastKnownFileType = wrapper.framework; name = Foundation.framework; path = System/Library/Frameworks/Foundation.framework; sourceTree = SDKROOT; };
		4EF63B421864199F0008F991 /* utTest-Prefix.pch */ = {isa = PBXFileReference; lastKnownFileType = sourcecode.c.h; path = "utTest-Prefix.pch"; sourceTree = "<group>"; };
		4EF63B431864199F0008F991 /* utTest.h */ = {isa = PBXFileReference; lastKnownFileType = sourcecode.c.h; path = utTest.h; sourceTree = "<group>"; };
		4EF63B441864199F0008F991 /* utTest.m */ = {isa = PBXFileReference; lastKnownFileType = sourcecode.c.objc; path = utTest.m; sourceTree = "<group>"; };
		4EF63B4B186419A00008F991 /* utTestTests.octest */ = {isa = PBXFileReference; explicitFileType = wrapper.cfbundle; includeInIndex = 0; path = utTestTests.octest; sourceTree = BUILT_PRODUCTS_DIR; };
		4EF63B4C186419A10008F991 /* SenTestingKit.framework */ = {isa = PBXFileReference; lastKnownFileType = wrapper.framework; name = SenTestingKit.framework; path = Library/Frameworks/SenTestingKit.framework; sourceTree = DEVELOPER_DIR; };
		4EF63B4E186419A10008F991 /* UIKit.framework */ = {isa = PBXFileReference; lastKnownFileType = wrapper.framework; name = UIKit.framework; path = Library/Frameworks/UIKit.framework; sourceTree = DEVELOPER_DIR; };
/* End PBXFileReference section */

/* Begin PBXFrameworksBuildPhase section */
		4E95DD551864232F009309A7 /* Frameworks */ = {
			isa = PBXFrameworksBuildPhase;
			buildActionMask = 2147483647;
			files = (
				4E95DD5A1864232F009309A7 /* SenTestingKit.framework in Frameworks */,
				4E95DD5B1864232F009309A7 /* UIKit.framework in Frameworks */,
				4E95DD5C1864232F009309A7 /* Foundation.framework in Frameworks */,
			);
			runOnlyForDeploymentPostprocessing = 0;
		};
		4EF63B381864199E0008F991 /* Frameworks */ = {
			isa = PBXFrameworksBuildPhase;
			buildActionMask = 2147483647;
			files = (
				4EF63B3F1864199F0008F991 /* Foundation.framework in Frameworks */,
			);
			runOnlyForDeploymentPostprocessing = 0;
		};
		4EF63B47186419A00008F991 /* Frameworks */ = {
			isa = PBXFrameworksBuildPhase;
			buildActionMask = 2147483647;
			files = (
				4EF63B4D186419A10008F991 /* SenTestingKit.framework in Frameworks */,
				4EF63B4F186419A10008F991 /* UIKit.framework in Frameworks */,
				4EF63B50186419A10008F991 /* Foundation.framework in Frameworks */,
				4EF63B53186419A10008F991 /* libutTest.a in Frameworks */,
			);
			runOnlyForDeploymentPostprocessing = 0;
		};
/* End PBXFrameworksBuildPhase section */

/* Begin PBXGroup section */
		4E95DD5D1864232F009309A7 /* Octesttmp */ = {
			isa = PBXGroup;
			children = (
				4E95DD6B18642534009309A7 /* testset.h */,
				4E95DD6C18642534009309A7 /* testset.m */,
				4E95DD631864232F009309A7 /* Octesttmp.h */,
				4E95DD641864232F009309A7 /* Octesttmp.m */,
				4E95DD5E1864232F009309A7 /* Supporting Files */,
			);
			path = Octesttmp;
			sourceTree = "<group>";
		};
		4E95DD5E1864232F009309A7 /* Supporting Files */ = {
			isa = PBXGroup;
			children = (
				4E95DD5F1864232F009309A7 /* Octesttmp-Info.plist */,
				4E95DD601864232F009309A7 /* InfoPlist.strings */,
				4E95DD661864232F009309A7 /* Octesttmp-Prefix.pch */,
			);
			name = "Supporting Files";
			sourceTree = "<group>";
		};
		4EF63B301864199D0008F991 = {
			isa = PBXGroup;
			children = (
				4EF63B401864199F0008F991 /* utTest */,
				4E95DD5D1864232F009309A7 /* Octesttmp */,
				4EF63B3D1864199E0008F991 /* Frameworks */,
				4EF63B3C1864199E0008F991 /* Products */,
			);
			sourceTree = "<group>";
		};
		4EF63B3C1864199E0008F991 /* Products */ = {
			isa = PBXGroup;
			children = (
				4EF63B3B1864199E0008F991 /* libutTest.a */,
				4EF63B4B186419A00008F991 /* utTestTests.octest */,
				4E95DD591864232F009309A7 /* Octesttmp.octest */,
			);
			name = Products;
			sourceTree = "<group>";
		};
		4EF63B3D1864199E0008F991 /* Frameworks */ = {
			isa = PBXGroup;
			children = (
				4EF63B3E1864199F0008F991 /* Foundation.framework */,
				4EF63B4C186419A10008F991 /* SenTestingKit.framework */,
				4EF63B4E186419A10008F991 /* UIKit.framework */,
			);
			name = Frameworks;
			sourceTree = "<group>";
		};
		4EF63B401864199F0008F991 /* utTest */ = {
			isa = PBXGroup;
			children = (
				4EF63B431864199F0008F991 /* utTest.h */,
				4EF63B441864199F0008F991 /* utTest.m */,
				4EF63B411864199F0008F991 /* Supporting Files */,
			);
			path = utTest;
			sourceTree = "<group>";
		};
		4EF63B411864199F0008F991 /* Supporting Files */ = {
			isa = PBXGroup;
			children = (
				4EF63B421864199F0008F991 /* utTest-Prefix.pch */,
			);
			name = "Supporting Files";
			sourceTree = "<group>";
		};
/* End PBXGroup section */

/* Begin PBXHeadersBuildPhase section */
		4EF63B391864199E0008F991 /* Headers */ = {
			isa = PBXHeadersBuildPhase;
			buildActionMask = 2147483647;
			files = (
				4E95DD6D18642534009309A7 /* testset.h in Headers */,
			);
			runOnlyForDeploymentPostprocessing = 0;
		};
/* End PBXHeadersBuildPhase section */

/* Begin PBXNativeTarget section */
		4E95DD581864232F009309A7 /* Octesttmp */ = {
			isa = PBXNativeTarget;
			buildConfigurationList = 4E95DD691864232F009309A7 /* Build configuration list for PBXNativeTarget "Octesttmp" */;
			buildPhases = (
				4E95DD541864232F009309A7 /* Sources */,
				4E95DD551864232F009309A7 /* Frameworks */,
				4E95DD561864232F009309A7 /* Resources */,
				4E95DD571864232F009309A7 /* ShellScript */,
			);
			buildRules = (
			);
			dependencies = (
			);
			name = Octesttmp;
			productName = Octesttmp;
			productReference = 4E95DD591864232F009309A7 /* Octesttmp.octest */;
			productType = "com.apple.product-type.bundle";
		};
		4EF63B3A1864199E0008F991 /* utTest */ = {
			isa = PBXNativeTarget;
			buildConfigurationList = 4EF63B5F186419A10008F991 /* Build configuration list for PBXNativeTarget "utTest" */;
			buildPhases = (
				4EF63B371864199E0008F991 /* Sources */,
				4EF63B381864199E0008F991 /* Frameworks */,
				4EF63B391864199E0008F991 /* Headers */,
			);
			buildRules = (
			);
			dependencies = (
			);
			name = utTest;
			productName = utTest;
			productReference = 4EF63B3B1864199E0008F991 /* libutTest.a */;
			productType = "com.apple.product-type.library.static";
		};
		4EF63B4A186419A00008F991 /* utTestTests */ = {
			isa = PBXNativeTarget;
			buildConfigurationList = 4EF63B62186419A10008F991 /* Build configuration list for PBXNativeTarget "utTestTests" */;
			buildPhases = (
				4EF63B46186419A00008F991 /* Sources */,
				4EF63B47186419A00008F991 /* Frameworks */,
				4EF63B48186419A00008F991 /* Resources */,
				4EF63B49186419A00008F991 /* ShellScript */,
			);
			buildRules = (
			);
			dependencies = (
				4EF63B52186419A10008F991 /* PBXTargetDependency */,
			);
			name = utTestTests;
			productName = utTestTests;
			productReference = 4EF63B4B186419A00008F991 /* utTestTests.octest */;
			productType = "com.apple.product-type.bundle";
		};
/* End PBXNativeTarget section */

/* Begin PBXProject section */
		4EF63B321864199D0008F991 /* Project object */ = {
			isa = PBXProject;
			attributes = {
				LastUpgradeCheck = 0420;
			};
			buildConfigurationList = 4EF63B351864199D0008F991 /* Build configuration list for PBXProject "utTest" */;
			compatibilityVersion = "Xcode 3.2";
			developmentRegion = English;
			hasScannedForEncodings = 0;
			knownRegions = (
				en,
			);
			mainGroup = 4EF63B301864199D0008F991;
			productRefGroup = 4EF63B3C1864199E0008F991 /* Products */;
			projectDirPath = "";
			projectRoot = "";
			targets = (
				4EF63B3A1864199E0008F991 /* utTest */,
				4EF63B4A186419A00008F991 /* utTestTests */,
				4E95DD581864232F009309A7 /* Octesttmp */,
			);
		};
/* End PBXProject section */

/* Begin PBXResourcesBuildPhase section */
		4E95DD561864232F009309A7 /* Resources */ = {
			isa = PBXResourcesBuildPhase;
			buildActionMask = 2147483647;
			files = (
				4E95DD621864232F009309A7 /* InfoPlist.strings in Resources */,
			);
			runOnlyForDeploymentPostprocessing = 0;
		};
		4EF63B48186419A00008F991 /* Resources */ = {
			isa = PBXResourcesBuildPhase;
			buildActionMask = 2147483647;
			files = (
			);
			runOnlyForDeploymentPostprocessing = 0;
		};
/* End PBXResourcesBuildPhase section */

/* Begin PBXShellScriptBuildPhase section */
		4E95DD571864232F009309A7 /* ShellScript */ = {
			isa = PBXShellScriptBuildPhase;
			buildActionMask = 2147483647;
			files = (
			);
			inputPaths = (
			);
			outputPaths = (
			);
			runOnlyForDeploymentPostprocessing = 0;
			shellPath = /bin/sh;
			shellScript = "# Run the unit tests in this test bundle.\n\"${SYSTEM_DEVELOPER_DIR}/Tools/RunUnitTests\"\n";
		};
		4EF63B49186419A00008F991 /* ShellScript */ = {
			isa = PBXShellScriptBuildPhase;
			buildActionMask = 2147483647;
			files = (
			);
			inputPaths = (
			);
			outputPaths = (
			);
			runOnlyForDeploymentPostprocessing = 0;
			shellPath = /bin/sh;
			shellScript = "# Run the unit tests in this test bundle.\n\"${SYSTEM_DEVELOPER_DIR}/Tools/RunUnitTests\"\n";
		};
/* End PBXShellScriptBuildPhase section */

/* Begin PBXSourcesBuildPhase section */
		4E95DD541864232F009309A7 /* Sources */ = {
			isa = PBXSourcesBuildPhase;
			buildActionMask = 2147483647;
			files = (
				4E95DD651864232F009309A7 /* Octesttmp.m in Sources */,
			);
			runOnlyForDeploymentPostprocessing = 0;
		};
		4EF63B371864199E0008F991 /* Sources */ = {
			isa = PBXSourcesBuildPhase;
			buildActionMask = 2147483647;
			files = (
				4EF63B451864199F0008F991 /* utTest.m in Sources */,
				4E95DD6E18642534009309A7 /* testset.m in Sources */,
			);
			runOnlyForDeploymentPostprocessing = 0;
		};
		4EF63B46186419A00008F991 /* Sources */ = {
			isa = PBXSourcesBuildPhase;
			buildActionMask = 2147483647;
			files = (
			);
			runOnlyForDeploymentPostprocessing = 0;
		};
/* End PBXSourcesBuildPhase section */

/* Begin PBXTargetDependency section */
		4EF63B52186419A10008F991 /* PBXTargetDependency */ = {
			isa = PBXTargetDependency;
			target = 4EF63B3A1864199E0008F991 /* utTest */;
			targetProxy = 4EF63B51186419A10008F991 /* PBXContainerItemProxy */;
		};
/* End PBXTargetDependency section */

/* Begin PBXVariantGroup section */
		4E95DD601864232F009309A7 /* InfoPlist.strings */ = {
			isa = PBXVariantGroup;
			children = (
				4E95DD611864232F009309A7 /* en */,
			);
			name = InfoPlist.strings;
			sourceTree = "<group>";
		};
/* End PBXVariantGroup section */

/* Begin XCBuildConfiguration section */
		4E95DD671864232F009309A7 /* Debug */ = {
			isa = XCBuildConfiguration;
			buildSettings = {
				FRAMEWORK_SEARCH_PATHS = (
					"$(SDKROOT)/Developer/Library/Frameworks",
					"$(DEVELOPER_LIBRARY_DIR)/Frameworks",
				);
				GCC_PRECOMPILE_PREFIX_HEADER = YES;
				GCC_PREFIX_HEADER = "Octesttmp/Octesttmp-Prefix.pch";
				INFOPLIST_FILE = "Octesttmp/Octesttmp-Info.plist";
				PRODUCT_NAME = "$(TARGET_NAME)";
				WRAPPER_EXTENSION = octest;
			};
			name = Debug;
		};
		4E95DD681864232F009309A7 /* Release */ = {
			isa = XCBuildConfiguration;
			buildSettings = {
				FRAMEWORK_SEARCH_PATHS = (
					"$(SDKROOT)/Developer/Library/Frameworks",
					"$(DEVELOPER_LIBRARY_DIR)/Frameworks",
				);
				GCC_PRECOMPILE_PREFIX_HEADER = YES;
				GCC_PREFIX_HEADER = "Octesttmp/Octesttmp-Prefix.pch";
				INFOPLIST_FILE = "Octesttmp/Octesttmp-Info.plist";
				PRODUCT_NAME = "$(TARGET_NAME)";
				WRAPPER_EXTENSION = octest;
			};
			name = Release;
		};
		4EF63B5D186419A10008F991 /* Debug */ = {
			isa = XCBuildConfiguration;
			buildSettings = {
				ALWAYS_SEARCH_USER_PATHS = NO;
				ARCHS = "$(ARCHS_STANDARD_32_BIT)";
				CLANG_ENABLE_OBJC_ARC = YES;
				COPY_PHASE_STRIP = NO;
				GCC_C_LANGUAGE_STANDARD = gnu99;
				GCC_DYNAMIC_NO_PIC = NO;
				GCC_OPTIMIZATION_LEVEL = 0;
				GCC_PREPROCESSOR_DEFINITIONS = (
					"DEBUG=1",
					"$(inherited)",
				);
				GCC_SYMBOLS_PRIVATE_EXTERN = NO;
				GCC_VERSION = com.apple.compilers.llvm.clang.1_0;
				GCC_WARN_ABOUT_MISSING_PROTOTYPES = YES;
				GCC_WARN_ABOUT_RETURN_TYPE = YES;
				GCC_WARN_UNUSED_VARIABLE = YES;
				IPHONEOS_DEPLOYMENT_TARGET = 5.0;
				SDKROOT = iphoneos;
			};
			name = Debug;
		};
		4EF63B5E186419A10008F991 /* Release */ = {
			isa = XCBuildConfiguration;
			buildSettings = {
				ALWAYS_SEARCH_USER_PATHS = NO;
				ARCHS = "$(ARCHS_STANDARD_32_BIT)";
				CLANG_ENABLE_OBJC_ARC = YES;
				COPY_PHASE_STRIP = YES;
				GCC_C_LANGUAGE_STANDARD = gnu99;
				GCC_VERSION = com.apple.compilers.llvm.clang.1_0;
				GCC_WARN_ABOUT_MISSING_PROTOTYPES = YES;
				GCC_WARN_ABOUT_RETURN_TYPE = YES;
				GCC_WARN_UNUSED_VARIABLE = YES;
				IPHONEOS_DEPLOYMENT_TARGET = 5.0;
				SDKROOT = iphoneos;
				VALIDATE_PRODUCT = YES;
			};
			name = Release;
		};
		4EF63B60186419A10008F991 /* Debug */ = {
			isa = XCBuildConfiguration;
			buildSettings = {
				DSTROOT = /tmp/utTest.dst;
				GCC_PRECOMPILE_PREFIX_HEADER = YES;
				GCC_PREFIX_HEADER = "utTest/utTest-Prefix.pch";
				OTHER_LDFLAGS = "-ObjC";
				PRODUCT_NAME = "$(TARGET_NAME)";
				SKIP_INSTALL = YES;
			};
			name = Debug;
		};
		4EF63B61186419A10008F991 /* Release */ = {
			isa = XCBuildConfiguration;
			buildSettings = {
				DSTROOT = /tmp/utTest.dst;
				GCC_PRECOMPILE_PREFIX_HEADER = YES;
				GCC_PREFIX_HEADER = "utTest/utTest-Prefix.pch";
				OTHER_LDFLAGS = "-ObjC";
				PRODUCT_NAME = "$(TARGET_NAME)";
				SKIP_INSTALL = YES;
			};
			name = Release;
		};
		4EF63B63186419A10008F991 /* Debug */ = {
			isa = XCBuildConfiguration;
			buildSettings = {
				FRAMEWORK_SEARCH_PATHS = (
					"$(SDKROOT)/Developer/Library/Frameworks",
					"$(DEVELOPER_LIBRARY_DIR)/Frameworks",
				);
				GCC_PRECOMPILE_PREFIX_HEADER = YES;
				GCC_PREFIX_HEADER = "utTest/utTest-Prefix.pch";
				INFOPLIST_FILE = "utTestTests/utTestTests-Info.plist";
				PRODUCT_NAME = "$(TARGET_NAME)";
				WRAPPER_EXTENSION = octest;
			};
			name = Debug;
		};
		4EF63B64186419A10008F991 /* Release */ = {
			isa = XCBuildConfiguration;
			buildSettings = {
				FRAMEWORK_SEARCH_PATHS = (
					"$(SDKROOT)/Developer/Library/Frameworks",
					"$(DEVELOPER_LIBRARY_DIR)/Frameworks",
				);
				GCC_PRECOMPILE_PREFIX_HEADER = YES;
				GCC_PREFIX_HEADER = "utTest/utTest-Prefix.pch";
				INFOPLIST_FILE = "utTestTests/utTestTests-Info.plist";
				PRODUCT_NAME = "$(TARGET_NAME)";
				WRAPPER_EXTENSION = octest;
			};
			name = Release;
		};
/* End XCBuildConfiguration section */

/* Begin XCConfigurationList section */
		4E95DD691864232F009309A7 /* Build configuration list for PBXNativeTarget "Octesttmp" */ = {
			isa = XCConfigurationList;
			buildConfigurations = (
				4E95DD671864232F009309A7 /* Debug */,
				4E95DD681864232F009309A7 /* Release */,
			);
			defaultConfigurationIsVisible = 0;
		};
		4EF63B351864199D0008F991 /* Build configuration list for PBXProject "utTest" */ = {
			isa = XCConfigurationList;
			buildConfigurations = (
				4EF63B5D186419A10008F991 /* Debug */,
				4EF63B5E186419A10008F991 /* Release */,
			);
			defaultConfigurationIsVisible = 0;
			defaultConfigurationName = Release;
		};
		4EF63B5F186419A10008F991 /* Build configuration list for PBXNativeTarget "utTest" */ = {
			isa = XCConfigurationList;
			buildConfigurations = (
				4EF63B60186419A10008F991 /* Debug */,
				4EF63B61186419A10008F991 /* Release */,
			);
			defaultConfigurationIsVisible = 0;
			defaultConfigurationName = Release;
		};
		4EF63B62186419A10008F991 /* Build configuration list for PBXNativeTarget "utTestTests" */ = {
			isa = XCConfigurationList;
			buildConfigurations = (
				4EF63B63186419A10008F991 /* Debug */,
				4EF63B64186419A10008F991 /* Release */,
			);
			defaultConfigurationIsVisible = 0;
			defaultConfigurationName = Release;
		};
/* End XCConfigurationList section */
	};
	rootObject = 4EF63B321864199D0008F991 /* Project object */;
}
